
Microsoft Visual Studio Solution File, Format Version 12.00
# Visual Studio Version 16
VisualStudioVersion = 16.0.29009.5
MinimumVisualStudioVersion = 10.0.40219.1
Project("{8BC9CEB8-8B4A-11D0-8D11-00A0C91BC942}") = "libjpeg", "Source\libjpeg.vcxproj", "{3AF6A8A4-C9DC-4470-ADB5-014DCDFA4AB8}"
EndProject
Global
	GlobalSection(SolutionConfigurationPlatforms) = preSolution
		Debug|Win32 = Debug|Win32
		Debug|Win64 = Debug|Win64
		Release|Win32 = Release|Win32
		Release|Win64 = Release|Win64
	EndGlobalSection
	GlobalSection(ProjectConfigurationPlatforms) = postSolution
		{3AF6A8A4-C9DC-4470-ADB5-014DCDFA4AB8}.Debug|Win32.ActiveCfg = Debug|Win32
		{3AF6A8A4-C9DC-4470-ADB5-014DCDFA4AB8}.Debug|Win32.Build.0 = Debug|Win32
		{3AF6A8A4-C9DC-4470-ADB5-014DCDFA4AB8}.Debug|Win64.ActiveCfg = Debug|x64
		{3AF6A8A4-C9DC-4470-ADB5-014DCDFA4AB8}.Debug|Win64.Build.0 = Debug|x64
		{3AF6A8A4-C9DC-4470-ADB5-014DCDFA4AB8}.Release|Win32.ActiveCfg = Release|Win32
		{3AF6A8A4-C9DC-4470-ADB5-014DCDFA4AB8}.Release|Win32.Build.0 = Release|Win32
		{3AF6A8A4-C9DC-4470-ADB5-014DCDFA4AB8}.Release|Win64.ActiveCfg = Release|x64
		{3AF6A8A4-C9DC-4470-ADB5-014DCDFA4AB8}.Release|Win64.Build.0 = Release|x64
	EndGlobalSection
	GlobalSection(SolutionProperties) = preSolution
		HideSolutionNode = FALSE
	EndGlobalSection
	GlobalSection(ExtensibilityGlobals) = postSolution
		SolutionGuid = {0C7B3F01-1C34-489C-8D0B-F176A0AA9342}
	EndGlobalSection
EndGlobal
